
Microsoft Visual Studio Solution File, Format Version 12.00
# Visual Studio Version 17
VisualStudioVersion = 17.9.34616.47
MinimumVisualStudioVersion = 10.0.40219.1
Project("{9A19103F-16F7-4668-BE54-9A1E7A4F7556}") = "AssemblyScannerLib", "AssemblyScanner\AssemblyScannerLib.csproj", "{657E922D-1332-4127-9B96-9501A181E4E3}"
EndProject
Project("{9A19103F-16F7-4668-BE54-9A1E7A4F7556}") = "Tests", "Tests\Tests.csproj", "{D2B70EB8-E85A-47B6-8D31-2C476401878A}"
EndProject
Project("{9A19103F-16F7-4668-BE54-9A1E7A4F7556}") = "AssemblyViewer", "AssemblyViewer\AssemblyViewer.csproj", "{EBCE9811-E6E2-4CAE-B8EE-5D834DA0E553}"
EndProject
Project("{FAE04EC0-301F-11D3-BF4B-00C04F79EFBC}") = "ForTests", "ForTests\ForTests.csproj", "{26781D1D-8E82-4DCE-817C-B30488148F22}"
EndProject
Global
	GlobalSection(SolutionConfigurationPlatforms) = preSolution
		Debug|Any CPU = Debug|Any CPU
		Release|Any CPU = Release|Any CPU
	EndGlobalSection
	GlobalSection(ProjectConfigurationPlatforms) = postSolution
		{657E922D-1332-4127-9B96-9501A181E4E3}.Debug|Any CPU.ActiveCfg = Debug|Any CPU
		{657E922D-1332-4127-9B96-9501A181E4E3}.Debug|Any CPU.Build.0 = Debug|Any CPU
		{657E922D-1332-4127-9B96-9501A181E4E3}.Release|Any CPU.ActiveCfg = Release|Any CPU
		{657E922D-1332-4127-9B96-9501A181E4E3}.Release|Any CPU.Build.0 = Release|Any CPU
		{D2B70EB8-E85A-47B6-8D31-2C476401878A}.Debug|Any CPU.ActiveCfg = Debug|Any CPU
		{D2B70EB8-E85A-47B6-8D31-2C476401878A}.Debug|Any CPU.Build.0 = Debug|Any CPU
		{D2B70EB8-E85A-47B6-8D31-2C476401878A}.Release|Any CPU.ActiveCfg = Release|Any CPU
		{D2B70EB8-E85A-47B6-8D31-2C476401878A}.Release|Any CPU.Build.0 = Release|Any CPU
		{EBCE9811-E6E2-4CAE-B8EE-5D834DA0E553}.Debug|Any CPU.ActiveCfg = Debug|Any CPU
		{EBCE9811-E6E2-4CAE-B8EE-5D834DA0E553}.Debug|Any CPU.Build.0 = Debug|Any CPU
		{EBCE9811-E6E2-4CAE-B8EE-5D834DA0E553}.Release|Any CPU.ActiveCfg = Release|Any CPU
		{EBCE9811-E6E2-4CAE-B8EE-5D834DA0E553}.Release|Any CPU.Build.0 = Release|Any CPU
		{26781D1D-8E82-4DCE-817C-B30488148F22}.Debug|Any CPU.ActiveCfg = Debug|Any CPU
		{26781D1D-8E82-4DCE-817C-B30488148F22}.Debug|Any CPU.Build.0 = Debug|Any CPU
		{26781D1D-8E82-4DCE-817C-B30488148F22}.Release|Any CPU.ActiveCfg = Release|Any CPU
		{26781D1D-8E82-4DCE-817C-B30488148F22}.Release|Any CPU.Build.0 = Release|Any CPU
	EndGlobalSection
	GlobalSection(SolutionProperties) = preSolution
		HideSolutionNode = FALSE
	EndGlobalSection
	GlobalSection(ExtensibilityGlobals) = postSolution
		SolutionGuid = {BAAE3356-496A-4731-B5FE-57A5E390A38A}
	EndGlobalSection
EndGlobal
