
Microsoft Visual Studio Solution File, Format Version 12.00
# Visual Studio Version 17
VisualStudioVersion = 17.9.34616.47
MinimumVisualStudioVersion = 10.0.40219.1
Project("{9A19103F-16F7-4668-BE54-9A1E7A4F7556}") = "Faker", "Faker\Faker.csproj", "{F6D3AF88-46EE-4E21-AA9C-F22B4FCF018D}"
EndProject
Project("{9A19103F-16F7-4668-BE54-9A1E7A4F7556}") = "Tests", "Tests\Tests.csproj", "{958B0157-E3AA-4AB1-B368-C116C3E73493}"
EndProject
Project("{9A19103F-16F7-4668-BE54-9A1E7A4F7556}") = "GeneratorsPlugin", "GeneratorsPlugin\GeneratorsPlugin.csproj", "{91C0436C-DB14-4D45-8E4C-AA59FB055883}"
EndProject
Global
	GlobalSection(SolutionConfigurationPlatforms) = preSolution
		Debug|Any CPU = Debug|Any CPU
		Release|Any CPU = Release|Any CPU
	EndGlobalSection
	GlobalSection(ProjectConfigurationPlatforms) = postSolution
		{F6D3AF88-46EE-4E21-AA9C-F22B4FCF018D}.Debug|Any CPU.ActiveCfg = Debug|Any CPU
		{F6D3AF88-46EE-4E21-AA9C-F22B4FCF018D}.Debug|Any CPU.Build.0 = Debug|Any CPU
		{F6D3AF88-46EE-4E21-AA9C-F22B4FCF018D}.Release|Any CPU.ActiveCfg = Release|Any CPU
		{F6D3AF88-46EE-4E21-AA9C-F22B4FCF018D}.Release|Any CPU.Build.0 = Release|Any CPU
		{958B0157-E3AA-4AB1-B368-C116C3E73493}.Debug|Any CPU.ActiveCfg = Debug|Any CPU
		{958B0157-E3AA-4AB1-B368-C116C3E73493}.Debug|Any CPU.Build.0 = Debug|Any CPU
		{958B0157-E3AA-4AB1-B368-C116C3E73493}.Release|Any CPU.ActiveCfg = Release|Any CPU
		{958B0157-E3AA-4AB1-B368-C116C3E73493}.Release|Any CPU.Build.0 = Release|Any CPU
		{91C0436C-DB14-4D45-8E4C-AA59FB055883}.Debug|Any CPU.ActiveCfg = Debug|Any CPU
		{91C0436C-DB14-4D45-8E4C-AA59FB055883}.Debug|Any CPU.Build.0 = Debug|Any CPU
		{91C0436C-DB14-4D45-8E4C-AA59FB055883}.Release|Any CPU.ActiveCfg = Release|Any CPU
		{91C0436C-DB14-4D45-8E4C-AA59FB055883}.Release|Any CPU.Build.0 = Release|Any CPU
	EndGlobalSection
	GlobalSection(SolutionProperties) = preSolution
		HideSolutionNode = FALSE
	EndGlobalSection
	GlobalSection(ExtensibilityGlobals) = postSolution
		SolutionGuid = {A493D3C3-8BDE-461A-8FFB-413D24DA5FC8}
	EndGlobalSection
EndGlobal
